
Microsoft Visual Studio Solution File, Format Version 12.00
# Visual Studio Version 16
VisualStudioVersion = 16.0.28803.202
MinimumVisualStudioVersion = 10.0.40219.1
Project("{9A19103F-16F7-4668-BE54-9A1E7A4F7556}") = "FosterCareAPI2", "FosterCareAPI2\FosterCareAPI2.csproj", "{CDFF840E-BAB9-4A4D-A603-A3C35B639C9C}"
EndProject
Project("{9A19103F-16F7-4668-BE54-9A1E7A4F7556}") = "FosterCareAPI2.Core", "FosterCareAPI2.Core\FosterCareAPI2.Core.csproj", "{1FE29B91-D50F-4200-A744-0D5777687710}"
EndProject
Project("{FAE04EC0-301F-11D3-BF4B-00C04F79EFBC}") = "FosterCareAPI2.Infrastructure2", "FosterCareAPI2.Infrastructure2\FosterCareAPI2.Infrastructure2.csproj", "{E9BE3E77-CE74-4712-A315-A39B389CCB4E}"
EndProject
Global
	GlobalSection(SolutionConfigurationPlatforms) = preSolution
		Debug|Any CPU = Debug|Any CPU
		Release|Any CPU = Release|Any CPU
	EndGlobalSection
	GlobalSection(ProjectConfigurationPlatforms) = postSolution
		{CDFF840E-BAB9-4A4D-A603-A3C35B639C9C}.Debug|Any CPU.ActiveCfg = Debug|Any CPU
		{CDFF840E-BAB9-4A4D-A603-A3C35B639C9C}.Debug|Any CPU.Build.0 = Debug|Any CPU
		{CDFF840E-BAB9-4A4D-A603-A3C35B639C9C}.Release|Any CPU.ActiveCfg = Release|Any CPU
		{CDFF840E-BAB9-4A4D-A603-A3C35B639C9C}.Release|Any CPU.Build.0 = Release|Any CPU
		{1FE29B91-D50F-4200-A744-0D5777687710}.Debug|Any CPU.ActiveCfg = Debug|Any CPU
		{1FE29B91-D50F-4200-A744-0D5777687710}.Debug|Any CPU.Build.0 = Debug|Any CPU
		{1FE29B91-D50F-4200-A744-0D5777687710}.Release|Any CPU.ActiveCfg = Release|Any CPU
		{1FE29B91-D50F-4200-A744-0D5777687710}.Release|Any CPU.Build.0 = Release|Any CPU
		{E9BE3E77-CE74-4712-A315-A39B389CCB4E}.Debug|Any CPU.ActiveCfg = Debug|Any CPU
		{E9BE3E77-CE74-4712-A315-A39B389CCB4E}.Debug|Any CPU.Build.0 = Debug|Any CPU
		{E9BE3E77-CE74-4712-A315-A39B389CCB4E}.Release|Any CPU.ActiveCfg = Release|Any CPU
		{E9BE3E77-CE74-4712-A315-A39B389CCB4E}.Release|Any CPU.Build.0 = Release|Any CPU
	EndGlobalSection
	GlobalSection(SolutionProperties) = preSolution
		HideSolutionNode = FALSE
	EndGlobalSection
	GlobalSection(ExtensibilityGlobals) = postSolution
		SolutionGuid = {355C9B40-575A-4584-AC8B-B503A9DC2491}
	EndGlobalSection
EndGlobal
